
Microsoft Visual Studio Solution File, Format Version 12.00
# Visual Studio Version 16
VisualStudioVersion = 16.0.31702.278
MinimumVisualStudioVersion = 10.0.40219.1
Project("{FAE04EC0-301F-11D3-BF4B-00C04F79EFBC}") = "FilmStore", "FilmStore.csproj", "{9E7157E4-2E74-40FB-9C60-B70AE1A9BE50}"
EndProject
Global
	GlobalSection(SolutionConfigurationPlatforms) = preSolution
		Debug|Any CPU = Debug|Any CPU
		Release|Any CPU = Release|Any CPU
	EndGlobalSection
	GlobalSection(ProjectConfigurationPlatforms) = postSolution
		{9E7157E4-2E74-40FB-9C60-B70AE1A9BE50}.Debug|Any CPU.ActiveCfg = Debug|Any CPU
		{9E7157E4-2E74-40FB-9C60-B70AE1A9BE50}.Debug|Any CPU.Build.0 = Debug|Any CPU
		{9E7157E4-2E74-40FB-9C60-B70AE1A9BE50}.Release|Any CPU.ActiveCfg = Release|Any CPU
		{9E7157E4-2E74-40FB-9C60-B70AE1A9BE50}.Release|Any CPU.Build.0 = Release|Any CPU
	EndGlobalSection
	GlobalSection(SolutionProperties) = preSolution
		HideSolutionNode = FALSE
	EndGlobalSection
	GlobalSection(ExtensibilityGlobals) = postSolution
		SolutionGuid = {9B9CE615-13CD-47FC-A64B-00CD6BE3064D}
	EndGlobalSection
EndGlobal
